
Microsoft Visual Studio Solution File, Format Version 12.00
# Visual Studio 15
VisualStudioVersion = 15.0.28307.1300
MinimumVisualStudioVersion = 10.0.40219.1
Project("{FAE04EC0-301F-11D3-BF4B-00C04F79EFBC}") = "reflex_training", "reflex_training\reflex_training.csproj", "{BDEA558B-0F70-4C8D-A70D-15D9B22461BE}"
EndProject
Global
	GlobalSection(SolutionConfigurationPlatforms) = preSolution
		Debug|Any CPU = Debug|Any CPU
		Release|Any CPU = Release|Any CPU
	EndGlobalSection
	GlobalSection(ProjectConfigurationPlatforms) = postSolution
		{BDEA558B-0F70-4C8D-A70D-15D9B22461BE}.Debug|Any CPU.ActiveCfg = Debug|Any CPU
		{BDEA558B-0F70-4C8D-A70D-15D9B22461BE}.Debug|Any CPU.Build.0 = Debug|Any CPU
		{BDEA558B-0F70-4C8D-A70D-15D9B22461BE}.Release|Any CPU.ActiveCfg = Release|Any CPU
		{BDEA558B-0F70-4C8D-A70D-15D9B22461BE}.Release|Any CPU.Build.0 = Release|Any CPU
	EndGlobalSection
	GlobalSection(SolutionProperties) = preSolution
		HideSolutionNode = FALSE
	EndGlobalSection
	GlobalSection(ExtensibilityGlobals) = postSolution
		SolutionGuid = {AF33C3CF-64A9-47B0-9762-F135623973E8}
	EndGlobalSection
EndGlobal
